
Microsoft Visual Studio Solution File, Format Version 12.00
# Visual Studio Version 17
VisualStudioVersion = 17.5.002.0
MinimumVisualStudioVersion = 10.0.40219.1
Project("{2150E333-8FDC-42A3-9474-1A3956D46DE8}") = "csharp-prep", "csharp-prep", "{D02281D0-8AC7-439B-B21C-B4D41366FE11}"
EndProject
Project("{9A19103F-16F7-4668-BE54-9A1E7A4F7556}") = "Prep1", "csharp-prep\Prep1\Prep1.csproj", "{48208F88-9795-4933-9E54-9E1D9DEF851C}"
EndProject
Project("{9A19103F-16F7-4668-BE54-9A1E7A4F7556}") = "Prep2", "csharp-prep\Prep2\Prep2.csproj", "{62FE459A-9F94-4FE5-BEE1-8014105BFF35}"
EndProject
Project("{9A19103F-16F7-4668-BE54-9A1E7A4F7556}") = "Prep3", "csharp-prep\Prep3\Prep3.csproj", "{B3660F37-9612-4537-AACA-FCF169A51A28}"
EndProject
Project("{9A19103F-16F7-4668-BE54-9A1E7A4F7556}") = "Prep4", "csharp-prep\Prep4\Prep4.csproj", "{C4F14A13-EAE0-4A76-8ABE-37170A628CAB}"
EndProject
Project("{9A19103F-16F7-4668-BE54-9A1E7A4F7556}") = "Prep5", "csharp-prep\Prep5\Prep5.csproj", "{9DEE5AF2-F303-43AB-98A2-9371E773FF0A}"
EndProject
Project("{2150E333-8FDC-42A3-9474-1A3956D46DE8}") = "final", "final", "{EE29D486-7618-49CE-A105-66B3975B1664}"
EndProject
Project("{9A19103F-16F7-4668-BE54-9A1E7A4F7556}") = "FinalProject", "final\FinalProject\FinalProject.csproj", "{79AD7BBA-2A81-4D8D-AFA9-980D6A8657E5}"
EndProject
Project("{9A19103F-16F7-4668-BE54-9A1E7A4F7556}") = "Foundation1", "final\Foundation1\Foundation1.csproj", "{70661574-EDA3-4B5B-AF72-F5F3EFEB0BAB}"
EndProject
Project("{9A19103F-16F7-4668-BE54-9A1E7A4F7556}") = "Foundation2", "final\Foundation2\Foundation2.csproj", "{A46E4E46-22C2-4F33-B42E-B36A8F1278B1}"
EndProject
Project("{9A19103F-16F7-4668-BE54-9A1E7A4F7556}") = "Foundation3", "final\Foundation3\Foundation3.csproj", "{10EBEB74-F8DE-4FB3-A1FD-FF196285456C}"
EndProject
Project("{9A19103F-16F7-4668-BE54-9A1E7A4F7556}") = "Foundation4", "final\Foundation4\Foundation4.csproj", "{4974421D-01FE-4F94-BE90-C8C448B9821B}"
EndProject
Project("{2150E333-8FDC-42A3-9474-1A3956D46DE8}") = "prepare", "prepare", "{4E27C12B-5C2E-4245-9EB5-1AD12F446ADD}"
EndProject
Project("{9A19103F-16F7-4668-BE54-9A1E7A4F7556}") = "Learning02", "prepare\Learning02\Learning02.csproj", "{0C4622B3-8DC7-4C45-B3BB-9039947FB4F2}"
EndProject
Project("{9A19103F-16F7-4668-BE54-9A1E7A4F7556}") = "Learning03", "prepare\Learning03\Learning03.csproj", "{7BC5F4B9-8E3B-42EF-94E1-86D8C3B693EC}"
EndProject
Project("{9A19103F-16F7-4668-BE54-9A1E7A4F7556}") = "Learning04", "prepare\Learning04\Learning04.csproj", "{2F6B324F-F2CF-48A0-A08E-9DC7182C4FAA}"
EndProject
Project("{9A19103F-16F7-4668-BE54-9A1E7A4F7556}") = "Learning05", "prepare\Learning05\Learning05.csproj", "{BCA58EC9-DA01-494B-AB16-4C64818B7255}"
EndProject
Project("{2150E333-8FDC-42A3-9474-1A3956D46DE8}") = "prove", "prove", "{74668A4B-C058-4831-80F2-D7F885998551}"
EndProject
Project("{9A19103F-16F7-4668-BE54-9A1E7A4F7556}") = "Develop02", "prove\Develop02\Develop02.csproj", "{439C15AB-1654-455D-880E-185B55500610}"
EndProject
Project("{9A19103F-16F7-4668-BE54-9A1E7A4F7556}") = "Develop03", "prove\Develop03\Develop03.csproj", "{CAF13DBA-D271-4374-9835-564C1A502E91}"
EndProject
Project("{9A19103F-16F7-4668-BE54-9A1E7A4F7556}") = "Develop04", "prove\Develop04\Develop04.csproj", "{E15DFA4C-70DC-47EA-9F35-10ED49F46A8F}"
EndProject
Project("{9A19103F-16F7-4668-BE54-9A1E7A4F7556}") = "Develop05", "prove\Develop05\Develop05.csproj", "{E1EA1672-4060-4A0D-AE74-24A4EFEC47F6}"
EndProject
Project("{2150E333-8FDC-42A3-9474-1A3956D46DE8}") = "sandbox", "sandbox", "{EE036B17-8E69-48FB-B554-6E9B10A3BEE4}"
EndProject
Project("{9A19103F-16F7-4668-BE54-9A1E7A4F7556}") = "Sandbox", "sandbox\Sandbox\Sandbox.csproj", "{423C2149-593F-4F5D-9A72-E4FDEBF7E0F2}"
EndProject
Global
	GlobalSection(SolutionConfigurationPlatforms) = preSolution
		Debug|Any CPU = Debug|Any CPU
		Release|Any CPU = Release|Any CPU
	EndGlobalSection
	GlobalSection(ProjectConfigurationPlatforms) = postSolution
		{48208F88-9795-4933-9E54-9E1D9DEF851C}.Debug|Any CPU.ActiveCfg = Debug|Any CPU
		{48208F88-9795-4933-9E54-9E1D9DEF851C}.Debug|Any CPU.Build.0 = Debug|Any CPU
		{48208F88-9795-4933-9E54-9E1D9DEF851C}.Release|Any CPU.ActiveCfg = Release|Any CPU
		{48208F88-9795-4933-9E54-9E1D9DEF851C}.Release|Any CPU.Build.0 = Release|Any CPU
		{62FE459A-9F94-4FE5-BEE1-8014105BFF35}.Debug|Any CPU.ActiveCfg = Debug|Any CPU
		{62FE459A-9F94-4FE5-BEE1-8014105BFF35}.Debug|Any CPU.Build.0 = Debug|Any CPU
		{62FE459A-9F94-4FE5-BEE1-8014105BFF35}.Release|Any CPU.ActiveCfg = Release|Any CPU
		{62FE459A-9F94-4FE5-BEE1-8014105BFF35}.Release|Any CPU.Build.0 = Release|Any CPU
		{B3660F37-9612-4537-AACA-FCF169A51A28}.Debug|Any CPU.ActiveCfg = Debug|Any CPU
		{B3660F37-9612-4537-AACA-FCF169A51A28}.Debug|Any CPU.Build.0 = Debug|Any CPU
		{B3660F37-9612-4537-AACA-FCF169A51A28}.Release|Any CPU.ActiveCfg = Release|Any CPU
		{B3660F37-9612-4537-AACA-FCF169A51A28}.Release|Any CPU.Build.0 = Release|Any CPU
		{C4F14A13-EAE0-4A76-8ABE-37170A628CAB}.Debug|Any CPU.ActiveCfg = Debug|Any CPU
		{C4F14A13-EAE0-4A76-8ABE-37170A628CAB}.Debug|Any CPU.Build.0 = Debug|Any CPU
		{C4F14A13-EAE0-4A76-8ABE-37170A628CAB}.Release|Any CPU.ActiveCfg = Release|Any CPU
		{C4F14A13-EAE0-4A76-8ABE-37170A628CAB}.Release|Any CPU.Build.0 = Release|Any CPU
		{9DEE5AF2-F303-43AB-98A2-9371E773FF0A}.Debug|Any CPU.ActiveCfg = Debug|Any CPU
		{9DEE5AF2-F303-43AB-98A2-9371E773FF0A}.Debug|Any CPU.Build.0 = Debug|Any CPU
		{9DEE5AF2-F303-43AB-98A2-9371E773FF0A}.Release|Any CPU.ActiveCfg = Release|Any CPU
		{9DEE5AF2-F303-43AB-98A2-9371E773FF0A}.Release|Any CPU.Build.0 = Release|Any CPU
		{79AD7BBA-2A81-4D8D-AFA9-980D6A8657E5}.Debug|Any CPU.ActiveCfg = Debug|Any CPU
		{79AD7BBA-2A81-4D8D-AFA9-980D6A8657E5}.Debug|Any CPU.Build.0 = Debug|Any CPU
		{79AD7BBA-2A81-4D8D-AFA9-980D6A8657E5}.Release|Any CPU.ActiveCfg = Release|Any CPU
		{79AD7BBA-2A81-4D8D-AFA9-980D6A8657E5}.Release|Any CPU.Build.0 = Release|Any CPU
		{70661574-EDA3-4B5B-AF72-F5F3EFEB0BAB}.Debug|Any CPU.ActiveCfg = Debug|Any CPU
		{70661574-EDA3-4B5B-AF72-F5F3EFEB0BAB}.Debug|Any CPU.Build.0 = Debug|Any CPU
		{70661574-EDA3-4B5B-AF72-F5F3EFEB0BAB}.Release|Any CPU.ActiveCfg = Release|Any CPU
		{70661574-EDA3-4B5B-AF72-F5F3EFEB0BAB}.Release|Any CPU.Build.0 = Release|Any CPU
		{A46E4E46-22C2-4F33-B42E-B36A8F1278B1}.Debug|Any CPU.ActiveCfg = Debug|Any CPU
		{A46E4E46-22C2-4F33-B42E-B36A8F1278B1}.Debug|Any CPU.Build.0 = Debug|Any CPU
		{A46E4E46-22C2-4F33-B42E-B36A8F1278B1}.Release|Any CPU.ActiveCfg = Release|Any CPU
		{A46E4E46-22C2-4F33-B42E-B36A8F1278B1}.Release|Any CPU.Build.0 = Release|Any CPU
		{10EBEB74-F8DE-4FB3-A1FD-FF196285456C}.Debug|Any CPU.ActiveCfg = Debug|Any CPU
		{10EBEB74-F8DE-4FB3-A1FD-FF196285456C}.Debug|Any CPU.Build.0 = Debug|Any CPU
		{10EBEB74-F8DE-4FB3-A1FD-FF196285456C}.Release|Any CPU.ActiveCfg = Release|Any CPU
		{10EBEB74-F8DE-4FB3-A1FD-FF196285456C}.Release|Any CPU.Build.0 = Release|Any CPU
		{4974421D-01FE-4F94-BE90-C8C448B9821B}.Debug|Any CPU.ActiveCfg = Debug|Any CPU
		{4974421D-01FE-4F94-BE90-C8C448B9821B}.Debug|Any CPU.Build.0 = Debug|Any CPU
		{4974421D-01FE-4F94-BE90-C8C448B9821B}.Release|Any CPU.ActiveCfg = Release|Any CPU
		{4974421D-01FE-4F94-BE90-C8C448B9821B}.Release|Any CPU.Build.0 = Release|Any CPU
		{0C4622B3-8DC7-4C45-B3BB-9039947FB4F2}.Debug|Any CPU.ActiveCfg = Debug|Any CPU
		{0C4622B3-8DC7-4C45-B3BB-9039947FB4F2}.Debug|Any CPU.Build.0 = Debug|Any CPU
		{0C4622B3-8DC7-4C45-B3BB-9039947FB4F2}.Release|Any CPU.ActiveCfg = Release|Any CPU
		{0C4622B3-8DC7-4C45-B3BB-9039947FB4F2}.Release|Any CPU.Build.0 = Release|Any CPU
		{7BC5F4B9-8E3B-42EF-94E1-86D8C3B693EC}.Debug|Any CPU.ActiveCfg = Debug|Any CPU
		{7BC5F4B9-8E3B-42EF-94E1-86D8C3B693EC}.Debug|Any CPU.Build.0 = Debug|Any CPU
		{7BC5F4B9-8E3B-42EF-94E1-86D8C3B693EC}.Release|Any CPU.ActiveCfg = Release|Any CPU
		{7BC5F4B9-8E3B-42EF-94E1-86D8C3B693EC}.Release|Any CPU.Build.0 = Release|Any CPU
		{2F6B324F-F2CF-48A0-A08E-9DC7182C4FAA}.Debug|Any CPU.ActiveCfg = Debug|Any CPU
		{2F6B324F-F2CF-48A0-A08E-9DC7182C4FAA}.Debug|Any CPU.Build.0 = Debug|Any CPU
		{2F6B324F-F2CF-48A0-A08E-9DC7182C4FAA}.Release|Any CPU.ActiveCfg = Release|Any CPU
		{2F6B324F-F2CF-48A0-A08E-9DC7182C4FAA}.Release|Any CPU.Build.0 = Release|Any CPU
		{BCA58EC9-DA01-494B-AB16-4C64818B7255}.Debug|Any CPU.ActiveCfg = Debug|Any CPU
		{BCA58EC9-DA01-494B-AB16-4C64818B7255}.Debug|Any CPU.Build.0 = Debug|Any CPU
		{BCA58EC9-DA01-494B-AB16-4C64818B7255}.Release|Any CPU.ActiveCfg = Release|Any CPU
		{BCA58EC9-DA01-494B-AB16-4C64818B7255}.Release|Any CPU.Build.0 = Release|Any CPU
		{439C15AB-1654-455D-880E-185B55500610}.Debug|Any CPU.ActiveCfg = Debug|Any CPU
		{439C15AB-1654-455D-880E-185B55500610}.Debug|Any CPU.Build.0 = Debug|Any CPU
		{439C15AB-1654-455D-880E-185B55500610}.Release|Any CPU.ActiveCfg = Release|Any CPU
		{439C15AB-1654-455D-880E-185B55500610}.Release|Any CPU.Build.0 = Release|Any CPU
		{CAF13DBA-D271-4374-9835-564C1A502E91}.Debug|Any CPU.ActiveCfg = Debug|Any CPU
		{CAF13DBA-D271-4374-9835-564C1A502E91}.Debug|Any CPU.Build.0 = Debug|Any CPU
		{CAF13DBA-D271-4374-9835-564C1A502E91}.Release|Any CPU.ActiveCfg = Release|Any CPU
		{CAF13DBA-D271-4374-9835-564C1A502E91}.Release|Any CPU.Build.0 = Release|Any CPU
		{E15DFA4C-70DC-47EA-9F35-10ED49F46A8F}.Debug|Any CPU.ActiveCfg = Debug|Any CPU
		{E15DFA4C-70DC-47EA-9F35-10ED49F46A8F}.Debug|Any CPU.Build.0 = Debug|Any CPU
		{E15DFA4C-70DC-47EA-9F35-10ED49F46A8F}.Release|Any CPU.ActiveCfg = Release|Any CPU
		{E15DFA4C-70DC-47EA-9F35-10ED49F46A8F}.Release|Any CPU.Build.0 = Release|Any CPU
		{E1EA1672-4060-4A0D-AE74-24A4EFEC47F6}.Debug|Any CPU.ActiveCfg = Debug|Any CPU
		{E1EA1672-4060-4A0D-AE74-24A4EFEC47F6}.Debug|Any CPU.Build.0 = Debug|Any CPU
		{E1EA1672-4060-4A0D-AE74-24A4EFEC47F6}.Release|Any CPU.ActiveCfg = Release|Any CPU
		{E1EA1672-4060-4A0D-AE74-24A4EFEC47F6}.Release|Any CPU.Build.0 = Release|Any CPU
		{423C2149-593F-4F5D-9A72-E4FDEBF7E0F2}.Debug|Any CPU.ActiveCfg = Debug|Any CPU
		{423C2149-593F-4F5D-9A72-E4FDEBF7E0F2}.Debug|Any CPU.Build.0 = Debug|Any CPU
		{423C2149-593F-4F5D-9A72-E4FDEBF7E0F2}.Release|Any CPU.ActiveCfg = Release|Any CPU
		{423C2149-593F-4F5D-9A72-E4FDEBF7E0F2}.Release|Any CPU.Build.0 = Release|Any CPU
	EndGlobalSection
	GlobalSection(SolutionProperties) = preSolution
		HideSolutionNode = FALSE
	EndGlobalSection
	GlobalSection(NestedProjects) = preSolution
		{48208F88-9795-4933-9E54-9E1D9DEF851C} = {D02281D0-8AC7-439B-B21C-B4D41366FE11}
		{62FE459A-9F94-4FE5-BEE1-8014105BFF35} = {D02281D0-8AC7-439B-B21C-B4D41366FE11}
		{B3660F37-9612-4537-AACA-FCF169A51A28} = {D02281D0-8AC7-439B-B21C-B4D41366FE11}
		{C4F14A13-EAE0-4A76-8ABE-37170A628CAB} = {D02281D0-8AC7-439B-B21C-B4D41366FE11}
		{9DEE5AF2-F303-43AB-98A2-9371E773FF0A} = {D02281D0-8AC7-439B-B21C-B4D41366FE11}
		{79AD7BBA-2A81-4D8D-AFA9-980D6A8657E5} = {EE29D486-7618-49CE-A105-66B3975B1664}
		{70661574-EDA3-4B5B-AF72-F5F3EFEB0BAB} = {EE29D486-7618-49CE-A105-66B3975B1664}
		{A46E4E46-22C2-4F33-B42E-B36A8F1278B1} = {EE29D486-7618-49CE-A105-66B3975B1664}
		{10EBEB74-F8DE-4FB3-A1FD-FF196285456C} = {EE29D486-7618-49CE-A105-66B3975B1664}
		{4974421D-01FE-4F94-BE90-C8C448B9821B} = {EE29D486-7618-49CE-A105-66B3975B1664}
		{0C4622B3-8DC7-4C45-B3BB-9039947FB4F2} = {4E27C12B-5C2E-4245-9EB5-1AD12F446ADD}
		{7BC5F4B9-8E3B-42EF-94E1-86D8C3B693EC} = {4E27C12B-5C2E-4245-9EB5-1AD12F446ADD}
		{2F6B324F-F2CF-48A0-A08E-9DC7182C4FAA} = {4E27C12B-5C2E-4245-9EB5-1AD12F446ADD}
		{BCA58EC9-DA01-494B-AB16-4C64818B7255} = {4E27C12B-5C2E-4245-9EB5-1AD12F446ADD}
		{439C15AB-1654-455D-880E-185B55500610} = {74668A4B-C058-4831-80F2-D7F885998551}
		{CAF13DBA-D271-4374-9835-564C1A502E91} = {74668A4B-C058-4831-80F2-D7F885998551}
		{E15DFA4C-70DC-47EA-9F35-10ED49F46A8F} = {74668A4B-C058-4831-80F2-D7F885998551}
		{E1EA1672-4060-4A0D-AE74-24A4EFEC47F6} = {74668A4B-C058-4831-80F2-D7F885998551}
		{423C2149-593F-4F5D-9A72-E4FDEBF7E0F2} = {EE036B17-8E69-48FB-B554-6E9B10A3BEE4}
	EndGlobalSection
	GlobalSection(ExtensibilityGlobals) = postSolution
		SolutionGuid = {BDE16730-81C8-4B90-B57B-67380DA95421}
	EndGlobalSection
EndGlobal
